// !$*UTF8*$!
{
	archiveVersion = 1;
	classes = {
	};
	objectVersion = 56;
	objects = {

/* Begin PBXBuildFile section */
		BC6544A72B80D7A500A8EE7F /* AppDelegate.swift in Sources */ = {isa = PBXBuildFile; fileRef = BC6544A62B80D7A500A8EE7F /* AppDelegate.swift */; };
		BC6544A92B80D7A500A8EE7F /* SceneDelegate.swift in Sources */ = {isa = PBXBuildFile; fileRef = BC6544A82B80D7A500A8EE7F /* SceneDelegate.swift */; };
		BC6544AB2B80D7A500A8EE7F /* HomeVC.swift in Sources */ = {isa = PBXBuildFile; fileRef = BC6544AA2B80D7A500A8EE7F /* HomeVC.swift */; };
		BC6544AE2B80D7A500A8EE7F /* Main.storyboard in Resources */ = {isa = PBXBuildFile; fileRef = BC6544AC2B80D7A500A8EE7F /* Main.storyboard */; };
		BC6544B02B80D7A800A8EE7F /* Assets.xcassets in Resources */ = {isa = PBXBuildFile; fileRef = BC6544AF2B80D7A800A8EE7F /* Assets.xcassets */; };
		BC6544B32B80D7A800A8EE7F /* LaunchScreen.storyboard in Resources */ = {isa = PBXBuildFile; fileRef = BC6544B12B80D7A800A8EE7F /* LaunchScreen.storyboard */; };
		BC6544BF2B80D98300A8EE7F /* TabBarVC.swift in Sources */ = {isa = PBXBuildFile; fileRef = BC6544BE2B80D98300A8EE7F /* TabBarVC.swift */; };
		BC6544C12B80D99C00A8EE7F /* RingVC.swift in Sources */ = {isa = PBXBuildFile; fileRef = BC6544C02B80D99C00A8EE7F /* RingVC.swift */; };
		BC6544C32B80D9AA00A8EE7F /* RulerVC.swift in Sources */ = {isa = PBXBuildFile; fileRef = BC6544C22B80D9AA00A8EE7F /* RulerVC.swift */; };
		BC6544C52B80D9B700A8EE7F /* ArticlesVC.swift in Sources */ = {isa = PBXBuildFile; fileRef = BC6544C42B80D9B700A8EE7F /* ArticlesVC.swift */; };
		BC6544C72B80D9C000A8EE7F /* ResultsVC.swift in Sources */ = {isa = PBXBuildFile; fileRef = BC6544C62B80D9C000A8EE7F /* ResultsVC.swift */; };
		BC6544CA2B82015200A8EE7F /* Extension.swift in Sources */ = {isa = PBXBuildFile; fileRef = BC6544C92B82015200A8EE7F /* Extension.swift */; };
/* End PBXBuildFile section */

/* Begin PBXFileReference section */
		BC6544A32B80D7A500A8EE7F /* RingSizeApp.app */ = {isa = PBXFileReference; explicitFileType = wrapper.application; includeInIndex = 0; path = RingSizeApp.app; sourceTree = BUILT_PRODUCTS_DIR; };
		BC6544A62B80D7A500A8EE7F /* AppDelegate.swift */ = {isa = PBXFileReference; lastKnownFileType = sourcecode.swift; path = AppDelegate.swift; sourceTree = "<group>"; };
		BC6544A82B80D7A500A8EE7F /* SceneDelegate.swift */ = {isa = PBXFileReference; lastKnownFileType = sourcecode.swift; path = SceneDelegate.swift; sourceTree = "<group>"; };
		BC6544AA2B80D7A500A8EE7F /* HomeVC.swift */ = {isa = PBXFileReference; lastKnownFileType = sourcecode.swift; path = HomeVC.swift; sourceTree = "<group>"; };
		BC6544AD2B80D7A500A8EE7F /* Base */ = {isa = PBXFileReference; lastKnownFileType = file.storyboard; name = Base; path = Base.lproj/Main.storyboard; sourceTree = "<group>"; };
		BC6544AF2B80D7A800A8EE7F /* Assets.xcassets */ = {isa = PBXFileReference; lastKnownFileType = folder.assetcatalog; path = Assets.xcassets; sourceTree = "<group>"; };
		BC6544B22B80D7A800A8EE7F /* Base */ = {isa = PBXFileReference; lastKnownFileType = file.storyboard; name = Base; path = Base.lproj/LaunchScreen.storyboard; sourceTree = "<group>"; };
		BC6544B42B80D7A800A8EE7F /* Info.plist */ = {isa = PBXFileReference; lastKnownFileType = text.plist.xml; path = Info.plist; sourceTree = "<group>"; };
		BC6544BE2B80D98300A8EE7F /* TabBarVC.swift */ = {isa = PBXFileReference; lastKnownFileType = sourcecode.swift; path = TabBarVC.swift; sourceTree = "<group>"; };
		BC6544C02B80D99C00A8EE7F /* RingVC.swift */ = {isa = PBXFileReference; lastKnownFileType = sourcecode.swift; path = RingVC.swift; sourceTree = "<group>"; };
		BC6544C22B80D9AA00A8EE7F /* RulerVC.swift */ = {isa = PBXFileReference; lastKnownFileType = sourcecode.swift; path = RulerVC.swift; sourceTree = "<group>"; };
		BC6544C42B80D9B700A8EE7F /* ArticlesVC.swift */ = {isa = PBXFileReference; lastKnownFileType = sourcecode.swift; path = ArticlesVC.swift; sourceTree = "<group>"; };
		BC6544C62B80D9C000A8EE7F /* ResultsVC.swift */ = {isa = PBXFileReference; lastKnownFileType = sourcecode.swift; path = ResultsVC.swift; sourceTree = "<group>"; };
		BC6544C92B82015200A8EE7F /* Extension.swift */ = {isa = PBXFileReference; lastKnownFileType = sourcecode.swift; path = Extension.swift; sourceTree = "<group>"; };
/* End PBXFileReference section */

/* Begin PBXFrameworksBuildPhase section */
		BC6544A02B80D7A500A8EE7F /* Frameworks */ = {
			isa = PBXFrameworksBuildPhase;
			buildActionMask = 2147483647;
			files = (
			);
			runOnlyForDeploymentPostprocessing = 0;
		};
/* End PBXFrameworksBuildPhase section */

/* Begin PBXGroup section */
		BC65449A2B80D7A500A8EE7F = {
			isa = PBXGroup;
			children = (
				BC6544A52B80D7A500A8EE7F /* RingSizeApp */,
				BC6544A42B80D7A500A8EE7F /* Products */,
			);
			sourceTree = "<group>";
		};
		BC6544A42B80D7A500A8EE7F /* Products */ = {
			isa = PBXGroup;
			children = (
				BC6544A32B80D7A500A8EE7F /* RingSizeApp.app */,
			);
			name = Products;
			sourceTree = "<group>";
		};
		BC6544A52B80D7A500A8EE7F /* RingSizeApp */ = {
			isa = PBXGroup;
			children = (
				BC6544C82B82012800A8EE7F /* Extension */,
				BC6544BC2B80D7F100A8EE7F /* Model */,
				BC6544BB2B80D7E400A8EE7F /* View */,
				BC6544BD2B80D7F800A8EE7F /* Controller */,
				BC6544BA2B80D7D600A8EE7F /* Delegate */,
				BC6544B42B80D7A800A8EE7F /* Info.plist */,
			);
			path = RingSizeApp;
			sourceTree = "<group>";
		};
		BC6544BA2B80D7D600A8EE7F /* Delegate */ = {
			isa = PBXGroup;
			children = (
				BC6544A62B80D7A500A8EE7F /* AppDelegate.swift */,
				BC6544A82B80D7A500A8EE7F /* SceneDelegate.swift */,
			);
			path = Delegate;
			sourceTree = "<group>";
		};
		BC6544BB2B80D7E400A8EE7F /* View */ = {
			isa = PBXGroup;
			children = (
				BC6544AC2B80D7A500A8EE7F /* Main.storyboard */,
				BC6544B12B80D7A800A8EE7F /* LaunchScreen.storyboard */,
				BC6544AF2B80D7A800A8EE7F /* Assets.xcassets */,
			);
			path = View;
			sourceTree = "<group>";
		};
		BC6544BC2B80D7F100A8EE7F /* Model */ = {
			isa = PBXGroup;
			children = (
			);
			path = Model;
			sourceTree = "<group>";
		};
		BC6544BD2B80D7F800A8EE7F /* Controller */ = {
			isa = PBXGroup;
			children = (
				BC6544AA2B80D7A500A8EE7F /* HomeVC.swift */,
				BC6544BE2B80D98300A8EE7F /* TabBarVC.swift */,
				BC6544C02B80D99C00A8EE7F /* RingVC.swift */,
				BC6544C22B80D9AA00A8EE7F /* RulerVC.swift */,
				BC6544C42B80D9B700A8EE7F /* ArticlesVC.swift */,
				BC6544C62B80D9C000A8EE7F /* ResultsVC.swift */,
			);
			path = Controller;
			sourceTree = "<group>";
		};
		BC6544C82B82012800A8EE7F /* Extension */ = {
			isa = PBXGroup;
			children = (
				BC6544C92B82015200A8EE7F /* Extension.swift */,
			);
			path = Extension;
			sourceTree = "<group>";
		};
/* End PBXGroup section */

/* Begin PBXNativeTarget section */
		BC6544A22B80D7A500A8EE7F /* RingSizeApp */ = {
			isa = PBXNativeTarget;
			buildConfigurationList = BC6544B72B80D7A800A8EE7F /* Build configuration list for PBXNativeTarget "RingSizeApp" */;
			buildPhases = (
				BC65449F2B80D7A500A8EE7F /* Sources */,
				BC6544A02B80D7A500A8EE7F /* Frameworks */,
				BC6544A12B80D7A500A8EE7F /* Resources */,
			);
			buildRules = (
			);
			dependencies = (
			);
			name = RingSizeApp;
			productName = RingSizeApp;
			productReference = BC6544A32B80D7A500A8EE7F /* RingSizeApp.app */;
			productType = "com.apple.product-type.application";
		};
/* End PBXNativeTarget section */

/* Begin PBXProject section */
		BC65449B2B80D7A500A8EE7F /* Project object */ = {
			isa = PBXProject;
			attributes = {
				BuildIndependentTargetsInParallel = 1;
				LastSwiftUpdateCheck = 1520;
				LastUpgradeCheck = 1520;
				TargetAttributes = {
					BC6544A22B80D7A500A8EE7F = {
						CreatedOnToolsVersion = 15.2;
					};
				};
			};
			buildConfigurationList = BC65449E2B80D7A500A8EE7F /* Build configuration list for PBXProject "RingSizeApp" */;
			compatibilityVersion = "Xcode 14.0";
			developmentRegion = en;
			hasScannedForEncodings = 0;
			knownRegions = (
				en,
				Base,
			);
			mainGroup = BC65449A2B80D7A500A8EE7F;
			productRefGroup = BC6544A42B80D7A500A8EE7F /* Products */;
			projectDirPath = "";
			projectRoot = "";
			targets = (
				BC6544A22B80D7A500A8EE7F /* RingSizeApp */,
			);
		};
/* End PBXProject section */

/* Begin PBXResourcesBuildPhase section */
		BC6544A12B80D7A500A8EE7F /* Resources */ = {
			isa = PBXResourcesBuildPhase;
			buildActionMask = 2147483647;
			files = (
				BC6544B32B80D7A800A8EE7F /* LaunchScreen.storyboard in Resources */,
				BC6544B02B80D7A800A8EE7F /* Assets.xcassets in Resources */,
				BC6544AE2B80D7A500A8EE7F /* Main.storyboard in Resources */,
			);
			runOnlyForDeploymentPostprocessing = 0;
		};
/* End PBXResourcesBuildPhase section */

/* Begin PBXSourcesBuildPhase section */
		BC65449F2B80D7A500A8EE7F /* Sources */ = {
			isa = PBXSourcesBuildPhase;
			buildActionMask = 2147483647;
			files = (
				BC6544CA2B82015200A8EE7F /* Extension.swift in Sources */,
				BC6544AB2B80D7A500A8EE7F /* HomeVC.swift in Sources */,
				BC6544C52B80D9B700A8EE7F /* ArticlesVC.swift in Sources */,
				BC6544C32B80D9AA00A8EE7F /* RulerVC.swift in Sources */,
				BC6544A72B80D7A500A8EE7F /* AppDelegate.swift in Sources */,
				BC6544C12B80D99C00A8EE7F /* RingVC.swift in Sources */,
				BC6544C72B80D9C000A8EE7F /* ResultsVC.swift in Sources */,
				BC6544BF2B80D98300A8EE7F /* TabBarVC.swift in Sources */,
				BC6544A92B80D7A500A8EE7F /* SceneDelegate.swift in Sources */,
			);
			runOnlyForDeploymentPostprocessing = 0;
		};
/* End PBXSourcesBuildPhase section */

/* Begin PBXVariantGroup section */
		BC6544AC2B80D7A500A8EE7F /* Main.storyboard */ = {
			isa = PBXVariantGroup;
			children = (
				BC6544AD2B80D7A500A8EE7F /* Base */,
			);
			name = Main.storyboard;
			sourceTree = "<group>";
		};
		BC6544B12B80D7A800A8EE7F /* LaunchScreen.storyboard */ = {
			isa = PBXVariantGroup;
			children = (
				BC6544B22B80D7A800A8EE7F /* Base */,
			);
			name = LaunchScreen.storyboard;
			sourceTree = "<group>";
		};
/* End PBXVariantGroup section */

/* Begin XCBuildConfiguration section */
		BC6544B52B80D7A800A8EE7F /* Debug */ = {
			isa = XCBuildConfiguration;
			buildSettings = {
				ALWAYS_SEARCH_USER_PATHS = NO;
				ASSETCATALOG_COMPILER_GENERATE_SWIFT_ASSET_SYMBOL_EXTENSIONS = YES;
				CLANG_ANALYZER_NONNULL = YES;
				CLANG_ANALYZER_NUMBER_OBJECT_CONVERSION = YES_AGGRESSIVE;
				CLANG_CXX_LANGUAGE_STANDARD = "gnu++20";
				CLANG_ENABLE_MODULES = YES;
				CLANG_ENABLE_OBJC_ARC = YES;
				CLANG_ENABLE_OBJC_WEAK = YES;
				CLANG_WARN_BLOCK_CAPTURE_AUTORELEASING = YES;
				CLANG_WARN_BOOL_CONVERSION = YES;
				CLANG_WARN_COMMA = YES;
				CLANG_WARN_CONSTANT_CONVERSION = YES;
				CLANG_WARN_DEPRECATED_OBJC_IMPLEMENTATIONS = YES;
				CLANG_WARN_DIRECT_OBJC_ISA_USAGE = YES_ERROR;
				CLANG_WARN_DOCUMENTATION_COMMENTS = YES;
				CLANG_WARN_EMPTY_BODY = YES;
				CLANG_WARN_ENUM_CONVERSION = YES;
				CLANG_WARN_INFINITE_RECURSION = YES;
				CLANG_WARN_INT_CONVERSION = YES;
				CLANG_WARN_NON_LITERAL_NULL_CONVERSION = YES;
				CLANG_WARN_OBJC_IMPLICIT_RETAIN_SELF = YES;
				CLANG_WARN_OBJC_LITERAL_CONVERSION = YES;
				CLANG_WARN_OBJC_ROOT_CLASS = YES_ERROR;
				CLANG_WARN_QUOTED_INCLUDE_IN_FRAMEWORK_HEADER = YES;
				CLANG_WARN_RANGE_LOOP_ANALYSIS = YES;
				CLANG_WARN_STRICT_PROTOTYPES = YES;
				CLANG_WARN_SUSPICIOUS_MOVE = YES;
				CLANG_WARN_UNGUARDED_AVAILABILITY = YES_AGGRESSIVE;
				CLANG_WARN_UNREACHABLE_CODE = YES;
				CLANG_WARN__DUPLICATE_METHOD_MATCH = YES;
				COPY_PHASE_STRIP = NO;
				DEBUG_INFORMATION_FORMAT = dwarf;
				ENABLE_STRICT_OBJC_MSGSEND = YES;
				ENABLE_TESTABILITY = YES;
				ENABLE_USER_SCRIPT_SANDBOXING = YES;
				GCC_C_LANGUAGE_STANDARD = gnu17;
				GCC_DYNAMIC_NO_PIC = NO;
				GCC_NO_COMMON_BLOCKS = YES;
				GCC_OPTIMIZATION_LEVEL = 0;
				GCC_PREPROCESSOR_DEFINITIONS = (
					"DEBUG=1",
					"$(inherited)",
				);
				GCC_WARN_64_TO_32_BIT_CONVERSION = YES;
				GCC_WARN_ABOUT_RETURN_TYPE = YES_ERROR;
				GCC_WARN_UNDECLARED_SELECTOR = YES;
				GCC_WARN_UNINITIALIZED_AUTOS = YES_AGGRESSIVE;
				GCC_WARN_UNUSED_FUNCTION = YES;
				GCC_WARN_UNUSED_VARIABLE = YES;
				IPHONEOS_DEPLOYMENT_TARGET = 17.2;
				LOCALIZATION_PREFERS_STRING_CATALOGS = YES;
				MTL_ENABLE_DEBUG_INFO = INCLUDE_SOURCE;
				MTL_FAST_MATH = YES;
				ONLY_ACTIVE_ARCH = YES;
				SDKROOT = iphoneos;
				SWIFT_ACTIVE_COMPILATION_CONDITIONS = "DEBUG $(inherited)";
				SWIFT_OPTIMIZATION_LEVEL = "-Onone";
			};
			name = Debug;
		};
		BC6544B62B80D7A800A8EE7F /* Release */ = {
			isa = XCBuildConfiguration;
			buildSettings = {
				ALWAYS_SEARCH_USER_PATHS = NO;
				ASSETCATALOG_COMPILER_GENERATE_SWIFT_ASSET_SYMBOL_EXTENSIONS = YES;
				CLANG_ANALYZER_NONNULL = YES;
				CLANG_ANALYZER_NUMBER_OBJECT_CONVERSION = YES_AGGRESSIVE;
				CLANG_CXX_LANGUAGE_STANDARD = "gnu++20";
				CLANG_ENABLE_MODULES = YES;
				CLANG_ENABLE_OBJC_ARC = YES;
				CLANG_ENABLE_OBJC_WEAK = YES;
				CLANG_WARN_BLOCK_CAPTURE_AUTORELEASING = YES;
				CLANG_WARN_BOOL_CONVERSION = YES;
				CLANG_WARN_COMMA = YES;
				CLANG_WARN_CONSTANT_CONVERSION = YES;
				CLANG_WARN_DEPRECATED_OBJC_IMPLEMENTATIONS = YES;
				CLANG_WARN_DIRECT_OBJC_ISA_USAGE = YES_ERROR;
				CLANG_WARN_DOCUMENTATION_COMMENTS = YES;
				CLANG_WARN_EMPTY_BODY = YES;
				CLANG_WARN_ENUM_CONVERSION = YES;
				CLANG_WARN_INFINITE_RECURSION = YES;
				CLANG_WARN_INT_CONVERSION = YES;
				CLANG_WARN_NON_LITERAL_NULL_CONVERSION = YES;
				CLANG_WARN_OBJC_IMPLICIT_RETAIN_SELF = YES;
				CLANG_WARN_OBJC_LITERAL_CONVERSION = YES;
				CLANG_WARN_OBJC_ROOT_CLASS = YES_ERROR;
				CLANG_WARN_QUOTED_INCLUDE_IN_FRAMEWORK_HEADER = YES;
				CLANG_WARN_RANGE_LOOP_ANALYSIS = YES;
				CLANG_WARN_STRICT_PROTOTYPES = YES;
				CLANG_WARN_SUSPICIOUS_MOVE = YES;
				CLANG_WARN_UNGUARDED_AVAILABILITY = YES_AGGRESSIVE;
				CLANG_WARN_UNREACHABLE_CODE = YES;
				CLANG_WARN__DUPLICATE_METHOD_MATCH = YES;
				COPY_PHASE_STRIP = NO;
				DEBUG_INFORMATION_FORMAT = "dwarf-with-dsym";
				ENABLE_NS_ASSERTIONS = NO;
				ENABLE_STRICT_OBJC_MSGSEND = YES;
				ENABLE_USER_SCRIPT_SANDBOXING = YES;
				GCC_C_LANGUAGE_STANDARD = gnu17;
				GCC_NO_COMMON_BLOCKS = YES;
				GCC_WARN_64_TO_32_BIT_CONVERSION = YES;
				GCC_WARN_ABOUT_RETURN_TYPE = YES_ERROR;
				GCC_WARN_UNDECLARED_SELECTOR = YES;
				GCC_WARN_UNINITIALIZED_AUTOS = YES_AGGRESSIVE;
				GCC_WARN_UNUSED_FUNCTION = YES;
				GCC_WARN_UNUSED_VARIABLE = YES;
				IPHONEOS_DEPLOYMENT_TARGET = 17.2;
				LOCALIZATION_PREFERS_STRING_CATALOGS = YES;
				MTL_ENABLE_DEBUG_INFO = NO;
				MTL_FAST_MATH = YES;
				SDKROOT = iphoneos;
				SWIFT_COMPILATION_MODE = wholemodule;
				VALIDATE_PRODUCT = YES;
			};
			name = Release;
		};
		BC6544B82B80D7A800A8EE7F /* Debug */ = {
			isa = XCBuildConfiguration;
			buildSettings = {
				ASSETCATALOG_COMPILER_APPICON_NAME = AppIcon;
				ASSETCATALOG_COMPILER_GLOBAL_ACCENT_COLOR_NAME = AccentColor;
				CODE_SIGN_STYLE = Automatic;
				CURRENT_PROJECT_VERSION = 1;
				DEVELOPMENT_TEAM = Y5C952D945;
				GENERATE_INFOPLIST_FILE = YES;
				INFOPLIST_FILE = RingSizeApp/Info.plist;
				INFOPLIST_KEY_UIApplicationSupportsIndirectInputEvents = YES;
				INFOPLIST_KEY_UILaunchStoryboardName = LaunchScreen;
				INFOPLIST_KEY_UIMainStoryboardFile = Main;
				INFOPLIST_KEY_UISupportedInterfaceOrientations_iPad = "UIInterfaceOrientationPortrait UIInterfaceOrientationPortraitUpsideDown UIInterfaceOrientationLandscapeLeft UIInterfaceOrientationLandscapeRight";
				INFOPLIST_KEY_UISupportedInterfaceOrientations_iPhone = "UIInterfaceOrientationPortrait UIInterfaceOrientationLandscapeLeft UIInterfaceOrientationLandscapeRight";
				IPHONEOS_DEPLOYMENT_TARGET = 14.7;
				LD_RUNPATH_SEARCH_PATHS = (
					"$(inherited)",
					"@executable_path/Frameworks",
				);
				MARKETING_VERSION = 1.0;
				PRODUCT_BUNDLE_IDENTIFIER = RingSize.RingSizeApp;
				PRODUCT_NAME = "$(TARGET_NAME)";
				SWIFT_EMIT_LOC_STRINGS = YES;
				SWIFT_VERSION = 5.0;
				TARGETED_DEVICE_FAMILY = "1,2";
			};
			name = Debug;
		};
		BC6544B92B80D7A800A8EE7F /* Release */ = {
			isa = XCBuildConfiguration;
			buildSettings = {
				ASSETCATALOG_COMPILER_APPICON_NAME = AppIcon;
				ASSETCATALOG_COMPILER_GLOBAL_ACCENT_COLOR_NAME = AccentColor;
				CODE_SIGN_STYLE = Automatic;
				CURRENT_PROJECT_VERSION = 1;
				DEVELOPMENT_TEAM = Y5C952D945;
				GENERATE_INFOPLIST_FILE = YES;
				INFOPLIST_FILE = RingSizeApp/Info.plist;
				INFOPLIST_KEY_UIApplicationSupportsIndirectInputEvents = YES;
				INFOPLIST_KEY_UILaunchStoryboardName = LaunchScreen;
				INFOPLIST_KEY_UIMainStoryboardFile = Main;
				INFOPLIST_KEY_UISupportedInterfaceOrientations_iPad = "UIInterfaceOrientationPortrait UIInterfaceOrientationPortraitUpsideDown UIInterfaceOrientationLandscapeLeft UIInterfaceOrientationLandscapeRight";
				INFOPLIST_KEY_UISupportedInterfaceOrientations_iPhone = "UIInterfaceOrientationPortrait UIInterfaceOrientationLandscapeLeft UIInterfaceOrientationLandscapeRight";
				IPHONEOS_DEPLOYMENT_TARGET = 14.7;
				LD_RUNPATH_SEARCH_PATHS = (
					"$(inherited)",
					"@executable_path/Frameworks",
				);
				MARKETING_VERSION = 1.0;
				PRODUCT_BUNDLE_IDENTIFIER = RingSize.RingSizeApp;
				PRODUCT_NAME = "$(TARGET_NAME)";
				SWIFT_EMIT_LOC_STRINGS = YES;
				SWIFT_VERSION = 5.0;
				TARGETED_DEVICE_FAMILY = "1,2";
			};
			name = Release;
		};
/* End XCBuildConfiguration section */

/* Begin XCConfigurationList section */
		BC65449E2B80D7A500A8EE7F /* Build configuration list for PBXProject "RingSizeApp" */ = {
			isa = XCConfigurationList;
			buildConfigurations = (
				BC6544B52B80D7A800A8EE7F /* Debug */,
				BC6544B62B80D7A800A8EE7F /* Release */,
			);
			defaultConfigurationIsVisible = 0;
			defaultConfigurationName = Release;
		};
		BC6544B72B80D7A800A8EE7F /* Build configuration list for PBXNativeTarget "RingSizeApp" */ = {
			isa = XCConfigurationList;
			buildConfigurations = (
				BC6544B82B80D7A800A8EE7F /* Debug */,
				BC6544B92B80D7A800A8EE7F /* Release */,
			);
			defaultConfigurationIsVisible = 0;
			defaultConfigurationName = Release;
		};
/* End XCConfigurationList section */
	};
	rootObject = BC65449B2B80D7A500A8EE7F /* Project object */;
}
